
Microsoft Visual Studio Solution File, Format Version 11.00
# Visual C++ Express 2010
Project("{8BC9CEB8-8B4A-11D0-8D11-00A0C91BC942}") = "client_project", "client_project\client_project.vcxproj", "{1143C409-B881-4C99-AFD2-E28D5F943908}"
EndProject
Global
	GlobalSection(SolutionConfigurationPlatforms) = preSolution
		Debug|Win32 = Debug|Win32
		Release|Win32 = Release|Win32
	EndGlobalSection
	GlobalSection(ProjectConfigurationPlatforms) = postSolution
		{1143C409-B881-4C99-AFD2-E28D5F943908}.Debug|Win32.ActiveCfg = Debug|Win32
		{1143C409-B881-4C99-AFD2-E28D5F943908}.Debug|Win32.Build.0 = Debug|Win32
		{1143C409-B881-4C99-AFD2-E28D5F943908}.Release|Win32.ActiveCfg = Release|Win32
		{1143C409-B881-4C99-AFD2-E28D5F943908}.Release|Win32.Build.0 = Release|Win32
	EndGlobalSection
	GlobalSection(SolutionProperties) = preSolution
		HideSolutionNode = FALSE
	EndGlobalSection
EndGlobal
